
Microsoft Visual Studio Solution File, Format Version 12.00
# Visual Studio Version 17
VisualStudioVersion = 17.0.31717.71
MinimumVisualStudioVersion = 10.0.40219.1
Project("{9A19103F-16F7-4668-BE54-9A1E7A4F7556}") = "Guess_the_Number", "Guess_the_Number.csproj", "{0DA3A97F-8864-4ECE-BF59-FCF86C51BA4B}"
EndProject
Global
	GlobalSection(SolutionConfigurationPlatforms) = preSolution
		Debug|Any CPU = Debug|Any CPU
		Release|Any CPU = Release|Any CPU
	EndGlobalSection
	GlobalSection(ProjectConfigurationPlatforms) = postSolution
		{0DA3A97F-8864-4ECE-BF59-FCF86C51BA4B}.Debug|Any CPU.ActiveCfg = Debug|Any CPU
		{0DA3A97F-8864-4ECE-BF59-FCF86C51BA4B}.Debug|Any CPU.Build.0 = Debug|Any CPU
		{0DA3A97F-8864-4ECE-BF59-FCF86C51BA4B}.Release|Any CPU.ActiveCfg = Release|Any CPU
		{0DA3A97F-8864-4ECE-BF59-FCF86C51BA4B}.Release|Any CPU.Build.0 = Release|Any CPU
	EndGlobalSection
	GlobalSection(SolutionProperties) = preSolution
		HideSolutionNode = FALSE
	EndGlobalSection
	GlobalSection(ExtensibilityGlobals) = postSolution
		SolutionGuid = {978646C5-5426-4566-B1B1-656C74EA906A}
	EndGlobalSection
EndGlobal